
Microsoft Visual Studio Solution File, Format Version 12.00
# Visual Studio Version 17
VisualStudioVersion = 17.11.35312.102
MinimumVisualStudioVersion = 10.0.40219.1
Project("{FAE04EC0-301F-11D3-BF4B-00C04F79EFBC}") = "Cua hang sach", "Cua hang sach\Cua hang sach.csproj", "{3898EA48-F48D-4EDF-BC3A-4802884AC61D}"
EndProject
Global
	GlobalSection(SolutionConfigurationPlatforms) = preSolution
		Debug|Any CPU = Debug|Any CPU
		Release|Any CPU = Release|Any CPU
	EndGlobalSection
	GlobalSection(ProjectConfigurationPlatforms) = postSolution
		{3898EA48-F48D-4EDF-BC3A-4802884AC61D}.Debug|Any CPU.ActiveCfg = Debug|Any CPU
		{3898EA48-F48D-4EDF-BC3A-4802884AC61D}.Debug|Any CPU.Build.0 = Debug|Any CPU
		{3898EA48-F48D-4EDF-BC3A-4802884AC61D}.Release|Any CPU.ActiveCfg = Release|Any CPU
		{3898EA48-F48D-4EDF-BC3A-4802884AC61D}.Release|Any CPU.Build.0 = Release|Any CPU
	EndGlobalSection
	GlobalSection(SolutionProperties) = preSolution
		HideSolutionNode = FALSE
	EndGlobalSection
	GlobalSection(ExtensibilityGlobals) = postSolution
		SolutionGuid = {8ADA1D94-53A1-41DC-B49D-B4BCDA868278}
	EndGlobalSection
EndGlobal
